
Microsoft Visual Studio Solution File, Format Version 12.00
# Visual Studio Version 16
VisualStudioVersion = 16.0.30621.155
MinimumVisualStudioVersion = 10.0.40219.1
Project("{FAE04EC0-301F-11D3-BF4B-00C04F79EFBC}") = "DS", "DS\DS.csproj", "{E19A0F5A-4C56-46DF-B382-46C71EE809E1}"
EndProject
Project("{FAE04EC0-301F-11D3-BF4B-00C04F79EFBC}") = "Program", "Program\Program.csproj", "{4303276F-FA09-4866-A584-0AC5341BE53A}"
EndProject
Project("{FAE04EC0-301F-11D3-BF4B-00C04F79EFBC}") = "DS.Tests", "DS.Tests\DS.Tests.csproj", "{C0711FD6-8A94-46D5-83FB-FE73F3483DFD}"
EndProject
Global
	GlobalSection(SolutionConfigurationPlatforms) = preSolution
		Debug|Any CPU = Debug|Any CPU
		Release|Any CPU = Release|Any CPU
	EndGlobalSection
	GlobalSection(ProjectConfigurationPlatforms) = postSolution
		{E19A0F5A-4C56-46DF-B382-46C71EE809E1}.Debug|Any CPU.ActiveCfg = Debug|Any CPU
		{E19A0F5A-4C56-46DF-B382-46C71EE809E1}.Debug|Any CPU.Build.0 = Debug|Any CPU
		{E19A0F5A-4C56-46DF-B382-46C71EE809E1}.Release|Any CPU.ActiveCfg = Release|Any CPU
		{E19A0F5A-4C56-46DF-B382-46C71EE809E1}.Release|Any CPU.Build.0 = Release|Any CPU
		{4303276F-FA09-4866-A584-0AC5341BE53A}.Debug|Any CPU.ActiveCfg = Debug|Any CPU
		{4303276F-FA09-4866-A584-0AC5341BE53A}.Debug|Any CPU.Build.0 = Debug|Any CPU
		{4303276F-FA09-4866-A584-0AC5341BE53A}.Release|Any CPU.ActiveCfg = Release|Any CPU
		{4303276F-FA09-4866-A584-0AC5341BE53A}.Release|Any CPU.Build.0 = Release|Any CPU
		{C0711FD6-8A94-46D5-83FB-FE73F3483DFD}.Debug|Any CPU.ActiveCfg = Debug|Any CPU
		{C0711FD6-8A94-46D5-83FB-FE73F3483DFD}.Debug|Any CPU.Build.0 = Debug|Any CPU
		{C0711FD6-8A94-46D5-83FB-FE73F3483DFD}.Release|Any CPU.ActiveCfg = Release|Any CPU
		{C0711FD6-8A94-46D5-83FB-FE73F3483DFD}.Release|Any CPU.Build.0 = Release|Any CPU
	EndGlobalSection
	GlobalSection(SolutionProperties) = preSolution
		HideSolutionNode = FALSE
	EndGlobalSection
	GlobalSection(ExtensibilityGlobals) = postSolution
		SolutionGuid = {E5ECAB11-0DEB-45E7-A6B7-498B6DAC86F2}
	EndGlobalSection
EndGlobal
